{
  "name": "schnapsen-ai-client",
  "lockfileVersion": 3,
  "requires": true,
  "packages": {
    "": {
      "name": "schnapsen-ai-client",
      "dependencies": {
        "@types/amqplib": "^0.10.6",
        "amqplib": "^0.10.5",
        "gn-matchmaker-client": "^0.1.28",
        "gn-schnapsen-client": "^0.1.30"
      },
      "devDependencies": {
        "@types/bun": "latest"
      },
      "peerDependencies": {
        "typescript": "^5.0.0"
      }
    },
    "node_modules/@acuminous/bitsyntax": {
      "version": "0.1.2",
      "license": "MIT",
      "dependencies": {
        "buffer-more-ints": "~1.0.0",
        "debug": "^4.3.4",
        "safe-buffer": "~5.1.2"
      },
      "engines": {
        "node": ">=0.8"
      }
    },
    "node_modules/@nodelib/fs.scandir": {
      "version": "2.1.5",
      "license": "MIT",
      "dependencies": {
        "@nodelib/fs.stat": "2.0.5",
        "run-parallel": "^1.1.9"
      },
      "engines": {
        "node": ">= 8"
      }
    },
    "node_modules/@nodelib/fs.stat": {
      "version": "2.0.5",
      "license": "MIT",
      "engines": {
        "node": ">= 8"
      }
    },
    "node_modules/@nodelib/fs.walk": {
      "version": "1.2.8",
      "license": "MIT",
      "dependencies": {
        "@nodelib/fs.scandir": "2.1.5",
        "fastq": "^1.6.0"
      },
      "engines": {
        "node": ">= 8"
      }
    },
    "node_modules/@socket.io/component-emitter": {
      "version": "3.1.2",
      "license": "MIT"
    },
    "node_modules/@types/amqplib": {
      "version": "0.10.6",
      "license": "MIT",
      "dependencies": {
        "@types/node": "*"
      }
    },
    "node_modules/@types/bun": {
      "version": "1.1.14",
      "resolved": "https://registry.npmjs.org/@types/bun/-/bun-1.1.14.tgz",
      "integrity": "sha512-opVYiFGtO2af0dnWBdZWlioLBoxSdDO5qokaazLhq8XQtGZbY4pY3/JxY8Zdf/hEwGubbp7ErZXoN1+h2yesxA==",
      "dev": true,
      "license": "MIT",
      "dependencies": {
        "bun-types": "1.1.37"
      }
    },
    "node_modules/@types/node": {
      "version": "20.12.14",
      "license": "MIT",
      "dependencies": {
        "undici-types": "~5.26.4"
      }
    },
    "node_modules/@types/ping": {
      "version": "0.4.4",
      "license": "MIT"
    },
    "node_modules/@types/ws": {
      "version": "8.5.13",
      "dev": true,
      "license": "MIT",
      "dependencies": {
        "@types/node": "*"
      }
    },
    "node_modules/aggregate-error": {
      "version": "4.0.1",
      "license": "MIT",
      "dependencies": {
        "clean-stack": "^4.0.0",
        "indent-string": "^5.0.0"
      },
      "engines": {
        "node": ">=12"
      },
      "funding": {
        "url": "https://github.com/sponsors/sindresorhus"
      }
    },
    "node_modules/amqplib": {
      "version": "0.10.5",
      "license": "MIT",
      "dependencies": {
        "@acuminous/bitsyntax": "^0.1.2",
        "buffer-more-ints": "~1.0.0",
        "url-parse": "~1.5.10"
      },
      "engines": {
        "node": ">=10"
      }
    },
    "node_modules/arrify": {
      "version": "3.0.0",
      "license": "MIT",
      "engines": {
        "node": ">=12"
      },
      "funding": {
        "url": "https://github.com/sponsors/sindresorhus"
      }
    },
    "node_modules/braces": {
      "version": "3.0.3",
      "license": "MIT",
      "dependencies": {
        "fill-range": "^7.1.1"
      },
      "engines": {
        "node": ">=8"
      }
    },
    "node_modules/buffer-more-ints": {
      "version": "1.0.0",
      "license": "MIT"
    },
    "node_modules/bun-types": {
      "version": "1.1.37",
      "dev": true,
      "license": "MIT",
      "dependencies": {
        "@types/node": "~20.12.8",
        "@types/ws": "~8.5.10"
      }
    },
    "node_modules/clean-stack": {
      "version": "4.2.0",
      "license": "MIT",
      "dependencies": {
        "escape-string-regexp": "5.0.0"
      },
      "engines": {
        "node": ">=12"
      },
      "funding": {
        "url": "https://github.com/sponsors/sindresorhus"
      }
    },
    "node_modules/cp-file": {
      "version": "10.0.0",
      "license": "MIT",
      "dependencies": {
        "graceful-fs": "^4.2.10",
        "nested-error-stacks": "^2.1.1",
        "p-event": "^5.0.1"
      },
      "engines": {
        "node": ">=14.16"
      },
      "funding": {
        "url": "https://github.com/sponsors/sindresorhus"
      }
    },
    "node_modules/cpy": {
      "version": "10.1.0",
      "license": "MIT",
      "dependencies": {
        "arrify": "^3.0.0",
        "cp-file": "^10.0.0",
        "globby": "^13.1.4",
        "junk": "^4.0.1",
        "micromatch": "^4.0.5",
        "nested-error-stacks": "^2.1.1",
        "p-filter": "^3.0.0",
        "p-map": "^6.0.0"
      },
      "engines": {
        "node": ">=16"
      },
      "funding": {
        "url": "https://github.com/sponsors/sindresorhus"
      }
    },
    "node_modules/cpy-cli": {
      "version": "5.0.0",
      "license": "MIT",
      "dependencies": {
        "cpy": "^10.1.0",
        "meow": "^12.0.1"
      },
      "bin": {
        "cpy": "cli.js"
      },
      "engines": {
        "node": ">=16"
      },
      "funding": {
        "url": "https://github.com/sponsors/sindresorhus"
      }
    },
    "node_modules/debug": {
      "version": "4.4.0",
      "license": "MIT",
      "dependencies": {
        "ms": "^2.1.3"
      },
      "engines": {
        "node": ">=6.0"
      },
      "peerDependenciesMeta": {
        "supports-color": {
          "optional": true
        }
      }
    },
    "node_modules/dir-glob": {
      "version": "3.0.1",
      "license": "MIT",
      "dependencies": {
        "path-type": "^4.0.0"
      },
      "engines": {
        "node": ">=8"
      }
    },
    "node_modules/engine.io-client": {
      "version": "6.6.2",
      "license": "MIT",
      "dependencies": {
        "@socket.io/component-emitter": "~3.1.0",
        "debug": "~4.3.1",
        "engine.io-parser": "~5.2.1",
        "ws": "~8.17.1",
        "xmlhttprequest-ssl": "~2.1.1"
      }
    },
    "node_modules/engine.io-client/node_modules/debug": {
      "version": "4.3.7",
      "license": "MIT",
      "dependencies": {
        "ms": "^2.1.3"
      },
      "engines": {
        "node": ">=6.0"
      },
      "peerDependenciesMeta": {
        "supports-color": {
          "optional": true
        }
      }
    },
    "node_modules/engine.io-parser": {
      "version": "5.2.3",
      "license": "MIT",
      "engines": {
        "node": ">=10.0.0"
      }
    },
    "node_modules/escape-string-regexp": {
      "version": "5.0.0",
      "license": "MIT",
      "engines": {
        "node": ">=12"
      },
      "funding": {
        "url": "https://github.com/sponsors/sindresorhus"
      }
    },
    "node_modules/events": {
      "version": "3.3.0",
      "license": "MIT",
      "engines": {
        "node": ">=0.8.x"
      }
    },
    "node_modules/fast-glob": {
      "version": "3.3.2",
      "license": "MIT",
      "dependencies": {
        "@nodelib/fs.stat": "^2.0.2",
        "@nodelib/fs.walk": "^1.2.3",
        "glob-parent": "^5.1.2",
        "merge2": "^1.3.0",
        "micromatch": "^4.0.4"
      },
      "engines": {
        "node": ">=8.6.0"
      }
    },
    "node_modules/fastq": {
      "version": "1.17.1",
      "license": "ISC",
      "dependencies": {
        "reusify": "^1.0.4"
      }
    },
    "node_modules/fill-range": {
      "version": "7.1.1",
      "license": "MIT",
      "dependencies": {
        "to-regex-range": "^5.0.1"
      },
      "engines": {
        "node": ">=8"
      }
    },
    "node_modules/glob-parent": {
      "version": "5.1.2",
      "license": "ISC",
      "dependencies": {
        "is-glob": "^4.0.1"
      },
      "engines": {
        "node": ">= 6"
      }
    },
    "node_modules/globby": {
      "version": "13.2.2",
      "license": "MIT",
      "dependencies": {
        "dir-glob": "^3.0.1",
        "fast-glob": "^3.3.0",
        "ignore": "^5.2.4",
        "merge2": "^1.4.1",
        "slash": "^4.0.0"
      },
      "engines": {
        "node": "^12.20.0 || ^14.13.1 || >=16.0.0"
      },
      "funding": {
        "url": "https://github.com/sponsors/sindresorhus"
      }
    },
    "node_modules/gn-matchmaker-client": {
      "version": "0.1.30",
      "resolved": "https://registry.npmjs.org/gn-matchmaker-client/-/gn-matchmaker-client-0.1.30.tgz",
      "integrity": "sha512-MDULoTc8cbkiuR+VF7JsuTpjjtY8yEIfEgVZYBBwuTiMBjfLL6nSruvItOufc9FzgbeBV1oxGXH9uPA/x6Hq/Q==",
      "dependencies": {
        "@types/ping": "^0.4.4",
        "cpy-cli": "^5.0.0",
        "events": "^3.3.0",
        "socket.io-client": "^4.8.0",
        "typescript": "^5.0.0"
      },
      "peerDependencies": {
        "typescript": "^5.0.0"
      }
    },
    "node_modules/gn-schnapsen-client": {
      "version": "0.1.30",
      "resolved": "https://registry.npmjs.org/gn-schnapsen-client/-/gn-schnapsen-client-0.1.30.tgz",
      "integrity": "sha512-5VFn6Uux6jnTkkBg0f6ms1jR2I+5qNGu0XkNV29EO8Bj7illQWTZhdZ8H0e+RdYGDguF3+st+5j7AEd84uz3sg==",
      "dependencies": {
        "@types/ping": "^0.4.4",
        "events": "^3.3.0",
        "gn-matchmaker-client": "^0.1.30",
        "socket.io-client": "^4.8.0",
        "typescript": "^5.0.0"
      },
      "peerDependencies": {
        "typescript": "^5.0.0"
      }
    },
    "node_modules/graceful-fs": {
      "version": "4.2.11",
      "license": "ISC"
    },
    "node_modules/ignore": {
      "version": "5.3.2",
      "license": "MIT",
      "engines": {
        "node": ">= 4"
      }
    },
    "node_modules/indent-string": {
      "version": "5.0.0",
      "license": "MIT",
      "engines": {
        "node": ">=12"
      },
      "funding": {
        "url": "https://github.com/sponsors/sindresorhus"
      }
    },
    "node_modules/is-extglob": {
      "version": "2.1.1",
      "license": "MIT",
      "engines": {
        "node": ">=0.10.0"
      }
    },
    "node_modules/is-glob": {
      "version": "4.0.3",
      "license": "MIT",
      "dependencies": {
        "is-extglob": "^2.1.1"
      },
      "engines": {
        "node": ">=0.10.0"
      }
    },
    "node_modules/is-number": {
      "version": "7.0.0",
      "license": "MIT",
      "engines": {
        "node": ">=0.12.0"
      }
    },
    "node_modules/junk": {
      "version": "4.0.1",
      "license": "MIT",
      "engines": {
        "node": ">=12.20"
      },
      "funding": {
        "url": "https://github.com/sponsors/sindresorhus"
      }
    },
    "node_modules/meow": {
      "version": "12.1.1",
      "license": "MIT",
      "engines": {
        "node": ">=16.10"
      },
      "funding": {
        "url": "https://github.com/sponsors/sindresorhus"
      }
    },
    "node_modules/merge2": {
      "version": "1.4.1",
      "license": "MIT",
      "engines": {
        "node": ">= 8"
      }
    },
    "node_modules/micromatch": {
      "version": "4.0.8",
      "license": "MIT",
      "dependencies": {
        "braces": "^3.0.3",
        "picomatch": "^2.3.1"
      },
      "engines": {
        "node": ">=8.6"
      }
    },
    "node_modules/ms": {
      "version": "2.1.3",
      "license": "MIT"
    },
    "node_modules/nested-error-stacks": {
      "version": "2.1.1",
      "license": "MIT"
    },
    "node_modules/p-event": {
      "version": "5.0.1",
      "license": "MIT",
      "dependencies": {
        "p-timeout": "^5.0.2"
      },
      "engines": {
        "node": "^12.20.0 || ^14.13.1 || >=16.0.0"
      },
      "funding": {
        "url": "https://github.com/sponsors/sindresorhus"
      }
    },
    "node_modules/p-filter": {
      "version": "3.0.0",
      "license": "MIT",
      "dependencies": {
        "p-map": "^5.1.0"
      },
      "engines": {
        "node": "^12.20.0 || ^14.13.1 || >=16.0.0"
      },
      "funding": {
        "url": "https://github.com/sponsors/sindresorhus"
      }
    },
    "node_modules/p-filter/node_modules/p-map": {
      "version": "5.5.0",
      "license": "MIT",
      "dependencies": {
        "aggregate-error": "^4.0.0"
      },
      "engines": {
        "node": ">=12"
      },
      "funding": {
        "url": "https://github.com/sponsors/sindresorhus"
      }
    },
    "node_modules/p-map": {
      "version": "6.0.0",
      "license": "MIT",
      "engines": {
        "node": ">=16"
      },
      "funding": {
        "url": "https://github.com/sponsors/sindresorhus"
      }
    },
    "node_modules/p-timeout": {
      "version": "5.1.0",
      "license": "MIT",
      "engines": {
        "node": ">=12"
      },
      "funding": {
        "url": "https://github.com/sponsors/sindresorhus"
      }
    },
    "node_modules/path-type": {
      "version": "4.0.0",
      "license": "MIT",
      "engines": {
        "node": ">=8"
      }
    },
    "node_modules/picomatch": {
      "version": "2.3.1",
      "license": "MIT",
      "engines": {
        "node": ">=8.6"
      },
      "funding": {
        "url": "https://github.com/sponsors/jonschlinkert"
      }
    },
    "node_modules/querystringify": {
      "version": "2.2.0",
      "license": "MIT"
    },
    "node_modules/queue-microtask": {
      "version": "1.2.3",
      "funding": [
        {
          "type": "github",
          "url": "https://github.com/sponsors/feross"
        },
        {
          "type": "patreon",
          "url": "https://www.patreon.com/feross"
        },
        {
          "type": "consulting",
          "url": "https://feross.org/support"
        }
      ],
      "license": "MIT"
    },
    "node_modules/requires-port": {
      "version": "1.0.0",
      "license": "MIT"
    },
    "node_modules/reusify": {
      "version": "1.0.4",
      "license": "MIT",
      "engines": {
        "iojs": ">=1.0.0",
        "node": ">=0.10.0"
      }
    },
    "node_modules/run-parallel": {
      "version": "1.2.0",
      "funding": [
        {
          "type": "github",
          "url": "https://github.com/sponsors/feross"
        },
        {
          "type": "patreon",
          "url": "https://www.patreon.com/feross"
        },
        {
          "type": "consulting",
          "url": "https://feross.org/support"
        }
      ],
      "license": "MIT",
      "dependencies": {
        "queue-microtask": "^1.2.2"
      }
    },
    "node_modules/safe-buffer": {
      "version": "5.1.2",
      "license": "MIT"
    },
    "node_modules/slash": {
      "version": "4.0.0",
      "license": "MIT",
      "engines": {
        "node": ">=12"
      },
      "funding": {
        "url": "https://github.com/sponsors/sindresorhus"
      }
    },
    "node_modules/socket.io-client": {
      "version": "4.8.1",
      "license": "MIT",
      "dependencies": {
        "@socket.io/component-emitter": "~3.1.0",
        "debug": "~4.3.2",
        "engine.io-client": "~6.6.1",
        "socket.io-parser": "~4.2.4"
      },
      "engines": {
        "node": ">=10.0.0"
      }
    },
    "node_modules/socket.io-client/node_modules/debug": {
      "version": "4.3.7",
      "license": "MIT",
      "dependencies": {
        "ms": "^2.1.3"
      },
      "engines": {
        "node": ">=6.0"
      },
      "peerDependenciesMeta": {
        "supports-color": {
          "optional": true
        }
      }
    },
    "node_modules/socket.io-parser": {
      "version": "4.2.4",
      "license": "MIT",
      "dependencies": {
        "@socket.io/component-emitter": "~3.1.0",
        "debug": "~4.3.1"
      },
      "engines": {
        "node": ">=10.0.0"
      }
    },
    "node_modules/socket.io-parser/node_modules/debug": {
      "version": "4.3.7",
      "license": "MIT",
      "dependencies": {
        "ms": "^2.1.3"
      },
      "engines": {
        "node": ">=6.0"
      },
      "peerDependenciesMeta": {
        "supports-color": {
          "optional": true
        }
      }
    },
    "node_modules/to-regex-range": {
      "version": "5.0.1",
      "license": "MIT",
      "dependencies": {
        "is-number": "^7.0.0"
      },
      "engines": {
        "node": ">=8.0"
      }
    },
    "node_modules/typescript": {
      "version": "5.7.2",
      "license": "Apache-2.0",
      "bin": {
        "tsc": "bin/tsc",
        "tsserver": "bin/tsserver"
      },
      "engines": {
        "node": ">=14.17"
      }
    },
    "node_modules/undici-types": {
      "version": "5.26.5",
      "license": "MIT"
    },
    "node_modules/url-parse": {
      "version": "1.5.10",
      "license": "MIT",
      "dependencies": {
        "querystringify": "^2.1.1",
        "requires-port": "^1.0.0"
      }
    },
    "node_modules/ws": {
      "version": "8.17.1",
      "license": "MIT",
      "engines": {
        "node": ">=10.0.0"
      },
      "peerDependencies": {
        "bufferutil": "^4.0.1",
        "utf-8-validate": ">=5.0.2"
      },
      "peerDependenciesMeta": {
        "bufferutil": {
          "optional": true
        },
        "utf-8-validate": {
          "optional": true
        }
      }
    },
    "node_modules/xmlhttprequest-ssl": {
      "version": "2.1.2",
      "engines": {
        "node": ">=0.4.0"
      }
    }
  }
}
